
Microsoft Visual Studio Solution File, Format Version 12.00
# Visual Studio Version 17
VisualStudioVersion = 17.10.35013.160
MinimumVisualStudioVersion = 10.0.40219.1
Project("{FAE04EC0-301F-11D3-BF4B-00C04F79EFBC}") = "TechnomediaTestTask", "TechnomediaTestTask\TechnomediaTestTask.csproj", "{2890E174-A414-43EF-B272-CAF0AFFF2A59}"
EndProject
Project("{FAE04EC0-301F-11D3-BF4B-00C04F79EFBC}") = "TechnomediaTestTask.Tests", "TechnomediaTestTask.Tests\TechnomediaTestTask.Tests.csproj", "{C64A46CB-DBBC-4F65-9919-6FA252ED9A02}"
EndProject
Global
	GlobalSection(SolutionConfigurationPlatforms) = preSolution
		Debug|Any CPU = Debug|Any CPU
		Release|Any CPU = Release|Any CPU
	EndGlobalSection
	GlobalSection(ProjectConfigurationPlatforms) = postSolution
		{2890E174-A414-43EF-B272-CAF0AFFF2A59}.Debug|Any CPU.ActiveCfg = Debug|Any CPU
		{2890E174-A414-43EF-B272-CAF0AFFF2A59}.Debug|Any CPU.Build.0 = Debug|Any CPU
		{2890E174-A414-43EF-B272-CAF0AFFF2A59}.Release|Any CPU.ActiveCfg = Release|Any CPU
		{2890E174-A414-43EF-B272-CAF0AFFF2A59}.Release|Any CPU.Build.0 = Release|Any CPU
		{C64A46CB-DBBC-4F65-9919-6FA252ED9A02}.Debug|Any CPU.ActiveCfg = Debug|Any CPU
		{C64A46CB-DBBC-4F65-9919-6FA252ED9A02}.Debug|Any CPU.Build.0 = Debug|Any CPU
		{C64A46CB-DBBC-4F65-9919-6FA252ED9A02}.Release|Any CPU.ActiveCfg = Release|Any CPU
		{C64A46CB-DBBC-4F65-9919-6FA252ED9A02}.Release|Any CPU.Build.0 = Release|Any CPU
	EndGlobalSection
	GlobalSection(SolutionProperties) = preSolution
		HideSolutionNode = FALSE
	EndGlobalSection
	GlobalSection(ExtensibilityGlobals) = postSolution
		SolutionGuid = {77510AD1-F1B6-44B8-AB9A-83950458F1CA}
	EndGlobalSection
EndGlobal
